
Microsoft Visual Studio Solution File, Format Version 12.00
# Visual Studio Version 17
VisualStudioVersion = 17.5.002.0
MinimumVisualStudioVersion = 10.0.40219.1
Project("{9A19103F-16F7-4668-BE54-9A1E7A4F7556}") = "pokedex", "pokedex\pokedex.csproj", "{35CD4C11-2D80-4C30-9BDD-297D83FA59C3}"
EndProject
Global
	GlobalSection(SolutionConfigurationPlatforms) = preSolution
		Debug|Any CPU = Debug|Any CPU
		Release|Any CPU = Release|Any CPU
	EndGlobalSection
	GlobalSection(ProjectConfigurationPlatforms) = postSolution
		{35CD4C11-2D80-4C30-9BDD-297D83FA59C3}.Debug|Any CPU.ActiveCfg = Debug|Any CPU
		{35CD4C11-2D80-4C30-9BDD-297D83FA59C3}.Debug|Any CPU.Build.0 = Debug|Any CPU
		{35CD4C11-2D80-4C30-9BDD-297D83FA59C3}.Release|Any CPU.ActiveCfg = Release|Any CPU
		{35CD4C11-2D80-4C30-9BDD-297D83FA59C3}.Release|Any CPU.Build.0 = Release|Any CPU
	EndGlobalSection
	GlobalSection(SolutionProperties) = preSolution
		HideSolutionNode = FALSE
	EndGlobalSection
	GlobalSection(ExtensibilityGlobals) = postSolution
		SolutionGuid = {A1F6932F-3229-4DF2-BE61-E0AFDF26F58E}
	EndGlobalSection
EndGlobal
